
Microsoft Visual Studio Solution File, Format Version 12.00
# Visual Studio Version 17
VisualStudioVersion = 17.4.33205.214
MinimumVisualStudioVersion = 10.0.40219.1
Project("{FAE04EC0-301F-11D3-BF4B-00C04F79EFBC}") = "RegistroDeEmpleados", "RegistroDeEmpleados\RegistroDeEmpleados.csproj", "{91404F1B-1467-49E8-996A-1ECB73F20D49}"
EndProject
Global
	GlobalSection(SolutionConfigurationPlatforms) = preSolution
		Debug|Any CPU = Debug|Any CPU
		Release|Any CPU = Release|Any CPU
	EndGlobalSection
	GlobalSection(ProjectConfigurationPlatforms) = postSolution
		{91404F1B-1467-49E8-996A-1ECB73F20D49}.Debug|Any CPU.ActiveCfg = Debug|Any CPU
		{91404F1B-1467-49E8-996A-1ECB73F20D49}.Debug|Any CPU.Build.0 = Debug|Any CPU
		{91404F1B-1467-49E8-996A-1ECB73F20D49}.Release|Any CPU.ActiveCfg = Release|Any CPU
		{91404F1B-1467-49E8-996A-1ECB73F20D49}.Release|Any CPU.Build.0 = Release|Any CPU
	EndGlobalSection
	GlobalSection(SolutionProperties) = preSolution
		HideSolutionNode = FALSE
	EndGlobalSection
	GlobalSection(ExtensibilityGlobals) = postSolution
		SolutionGuid = {CDC9CB42-FE6E-44E6-A7C4-2D5F67B701E5}
	EndGlobalSection
EndGlobal
